
Microsoft Visual Studio Solution File, Format Version 12.00
# Visual Studio Version 16
VisualStudioVersion = 16.0.31410.357
MinimumVisualStudioVersion = 10.0.40219.1
Project("{FAE04EC0-301F-11D3-BF4B-00C04F79EFBC}") = "Snake on CSharp", "Snake on CSharp.csproj", "{DA33E484-AB3C-404E-BB9D-8D62F95F3715}"
EndProject
Global
	GlobalSection(SolutionConfigurationPlatforms) = preSolution
		Debug|Any CPU = Debug|Any CPU
		Release|Any CPU = Release|Any CPU
	EndGlobalSection
	GlobalSection(ProjectConfigurationPlatforms) = postSolution
		{DA33E484-AB3C-404E-BB9D-8D62F95F3715}.Debug|Any CPU.ActiveCfg = Debug|Any CPU
		{DA33E484-AB3C-404E-BB9D-8D62F95F3715}.Debug|Any CPU.Build.0 = Debug|Any CPU
		{DA33E484-AB3C-404E-BB9D-8D62F95F3715}.Release|Any CPU.ActiveCfg = Release|Any CPU
		{DA33E484-AB3C-404E-BB9D-8D62F95F3715}.Release|Any CPU.Build.0 = Release|Any CPU
	EndGlobalSection
	GlobalSection(SolutionProperties) = preSolution
		HideSolutionNode = FALSE
	EndGlobalSection
	GlobalSection(ExtensibilityGlobals) = postSolution
		SolutionGuid = {3A7AE1F8-B847-412B-AE11-EE1909EB0683}
	EndGlobalSection
EndGlobal
